{
  "version": 4,
  "terraform_version": "0.14.0",
  "serial": 4,
  "lineage": "e453538f-59c2-866f-fe64-91037e44b98c",
  "outputs": {
    "vpc_cidr_id": {
      "value": [
        "100.40.0.0/16,vpc-05fad298e275f8832"
      ],
      "type": [
        "tuple",
        [
          "string"
        ]
      ]
    }
  },
  "resources": [
    {
      "mode": "managed",
      "type": "aws_vpc",
      "name": "main_vpc",
      "provider": "provider[\"registry.terraform.io/hashicorp/aws\"]",
      "instances": [
        {
          "schema_version": 1,
          "attributes": {
            "arn": "arn:aws:ec2:us-east-2:556330131477:vpc/vpc-05fad298e275f8832",
            "assign_generated_ipv6_cidr_block": false,
            "cidr_block": "100.40.0.0/16",
            "default_network_acl_id": "acl-04dab865efb9eba1f",
            "default_route_table_id": "rtb-032e16adbb47515d3",
            "default_security_group_id": "sg-08d08fc59e209fe2c",
            "dhcp_options_id": "dopt-ff65cf94",
            "enable_classiclink": null,
            "enable_classiclink_dns_support": null,
            "enable_dns_hostnames": false,
            "enable_dns_support": true,
            "id": "vpc-05fad298e275f8832",
            "instance_tenancy": "default",
            "ipv6_association_id": "",
            "ipv6_cidr_block": "",
            "main_route_table_id": "rtb-032e16adbb47515d3",
            "owner_id": "556330131477",
            "tags": {
              "Environment": "Dev",
              "Name": "javahomevpc"
            }
          },
          "sensitive_attributes": [],
          "private": "eyJzY2hlbWFfdmVyc2lvbiI6IjEifQ=="
        }
      ]
    }
  ]
}
